
Microsoft Visual Studio Solution File, Format Version 12.00
# Visual Studio Version 17
VisualStudioVersion = 17.3.32929.385
MinimumVisualStudioVersion = 10.0.40219.1
Project("{9A19103F-16F7-4668-BE54-9A1E7A4F7556}") = "Stage0", "Stage0\Stage0.csproj", "{9BF67920-28E1-4B17-8F32-FA3D5542E9B9}"
EndProject
Project("{2150E333-8FDC-42A3-9474-1A3956D46DE8}") = "Solution Items", "Solution Items", "{B3FFEAFF-A206-422D-8D15-53FB1B30FBDB}"
	ProjectSection(SolutionItems) = preProject
		..\README.md = ..\README.md
	EndProjectSection
EndProject
Project("{9A19103F-16F7-4668-BE54-9A1E7A4F7556}") = "DalFacade", "DalFacade\DalFacade.csproj", "{ADC1307F-350A-4D3F-8150-FD5184FE4A1D}"
EndProject
Project("{9A19103F-16F7-4668-BE54-9A1E7A4F7556}") = "DalList", "DalList\DalList.csproj", "{5595FE7E-9D41-4C9A-8A3A-4412587983D1}"
EndProject
Project("{9A19103F-16F7-4668-BE54-9A1E7A4F7556}") = "DalTest", "DalTest\DalTest.csproj", "{081A6D86-6E91-4E85-8FB4-833782A52432}"
EndProject
Project("{9A19103F-16F7-4668-BE54-9A1E7A4F7556}") = "BL", "BL\BL.csproj", "{E3EA7FE4-2022-4C4C-9532-21353B7EDA19}"
EndProject
Project("{9A19103F-16F7-4668-BE54-9A1E7A4F7556}") = "BlTest", "BITest\BlTest.csproj", "{8FD4442D-87E3-4D0D-957A-574699C6E519}"
EndProject
Project("{FAE04EC0-301F-11D3-BF4B-00C04F79EFBC}") = "PL", "PL\PL.csproj", "{BEEAD05D-A489-4215-BB01-0B5AA8414A66}"
EndProject
Global
	GlobalSection(SolutionConfigurationPlatforms) = preSolution
		Debug|Any CPU = Debug|Any CPU
		Release|Any CPU = Release|Any CPU
	EndGlobalSection
	GlobalSection(ProjectConfigurationPlatforms) = postSolution
		{9BF67920-28E1-4B17-8F32-FA3D5542E9B9}.Debug|Any CPU.ActiveCfg = Debug|Any CPU
		{9BF67920-28E1-4B17-8F32-FA3D5542E9B9}.Debug|Any CPU.Build.0 = Debug|Any CPU
		{9BF67920-28E1-4B17-8F32-FA3D5542E9B9}.Release|Any CPU.ActiveCfg = Release|Any CPU
		{9BF67920-28E1-4B17-8F32-FA3D5542E9B9}.Release|Any CPU.Build.0 = Release|Any CPU
		{ADC1307F-350A-4D3F-8150-FD5184FE4A1D}.Debug|Any CPU.ActiveCfg = Debug|Any CPU
		{ADC1307F-350A-4D3F-8150-FD5184FE4A1D}.Debug|Any CPU.Build.0 = Debug|Any CPU
		{ADC1307F-350A-4D3F-8150-FD5184FE4A1D}.Release|Any CPU.ActiveCfg = Release|Any CPU
		{ADC1307F-350A-4D3F-8150-FD5184FE4A1D}.Release|Any CPU.Build.0 = Release|Any CPU
		{5595FE7E-9D41-4C9A-8A3A-4412587983D1}.Debug|Any CPU.ActiveCfg = Debug|Any CPU
		{5595FE7E-9D41-4C9A-8A3A-4412587983D1}.Debug|Any CPU.Build.0 = Debug|Any CPU
		{5595FE7E-9D41-4C9A-8A3A-4412587983D1}.Release|Any CPU.ActiveCfg = Release|Any CPU
		{5595FE7E-9D41-4C9A-8A3A-4412587983D1}.Release|Any CPU.Build.0 = Release|Any CPU
		{081A6D86-6E91-4E85-8FB4-833782A52432}.Debug|Any CPU.ActiveCfg = Debug|Any CPU
		{081A6D86-6E91-4E85-8FB4-833782A52432}.Debug|Any CPU.Build.0 = Debug|Any CPU
		{081A6D86-6E91-4E85-8FB4-833782A52432}.Release|Any CPU.ActiveCfg = Release|Any CPU
		{081A6D86-6E91-4E85-8FB4-833782A52432}.Release|Any CPU.Build.0 = Release|Any CPU
		{E3EA7FE4-2022-4C4C-9532-21353B7EDA19}.Debug|Any CPU.ActiveCfg = Debug|Any CPU
		{E3EA7FE4-2022-4C4C-9532-21353B7EDA19}.Debug|Any CPU.Build.0 = Debug|Any CPU
		{E3EA7FE4-2022-4C4C-9532-21353B7EDA19}.Release|Any CPU.ActiveCfg = Release|Any CPU
		{E3EA7FE4-2022-4C4C-9532-21353B7EDA19}.Release|Any CPU.Build.0 = Release|Any CPU
		{8FD4442D-87E3-4D0D-957A-574699C6E519}.Debug|Any CPU.ActiveCfg = Debug|Any CPU
		{8FD4442D-87E3-4D0D-957A-574699C6E519}.Debug|Any CPU.Build.0 = Debug|Any CPU
		{8FD4442D-87E3-4D0D-957A-574699C6E519}.Release|Any CPU.ActiveCfg = Release|Any CPU
		{8FD4442D-87E3-4D0D-957A-574699C6E519}.Release|Any CPU.Build.0 = Release|Any CPU
		{BEEAD05D-A489-4215-BB01-0B5AA8414A66}.Debug|Any CPU.ActiveCfg = Debug|Any CPU
		{BEEAD05D-A489-4215-BB01-0B5AA8414A66}.Debug|Any CPU.Build.0 = Debug|Any CPU
		{BEEAD05D-A489-4215-BB01-0B5AA8414A66}.Release|Any CPU.ActiveCfg = Release|Any CPU
		{BEEAD05D-A489-4215-BB01-0B5AA8414A66}.Release|Any CPU.Build.0 = Release|Any CPU
	EndGlobalSection
	GlobalSection(SolutionProperties) = preSolution
		HideSolutionNode = FALSE
	EndGlobalSection
	GlobalSection(NestedProjects) = preSolution
		{E3EA7FE4-2022-4C4C-9532-21353B7EDA19} = {B3FFEAFF-A206-422D-8D15-53FB1B30FBDB}
		{8FD4442D-87E3-4D0D-957A-574699C6E519} = {B3FFEAFF-A206-422D-8D15-53FB1B30FBDB}
	EndGlobalSection
	GlobalSection(ExtensibilityGlobals) = postSolution
		SolutionGuid = {5E41BDFC-B041-4356-A9AC-25265D03B83D}
	EndGlobalSection
EndGlobal
