
Microsoft Visual Studio Solution File, Format Version 12.00
# Visual Studio Version 17
VisualStudioVersion = 17.3.32929.385
MinimumVisualStudioVersion = 10.0.40219.1
Project("{FAE04EC0-301F-11D3-BF4B-00C04F79EFBC}") = "ConsoleApp1", "ConsoleApp1\ConsoleApp1.csproj", "{F05BC13F-7D44-4A21-8990-34D79C4CEC36}"
EndProject
Global
	GlobalSection(SolutionConfigurationPlatforms) = preSolution
		Debug|Any CPU = Debug|Any CPU
		Release|Any CPU = Release|Any CPU
	EndGlobalSection
	GlobalSection(ProjectConfigurationPlatforms) = postSolution
		{F05BC13F-7D44-4A21-8990-34D79C4CEC36}.Debug|Any CPU.ActiveCfg = Debug|Any CPU
		{F05BC13F-7D44-4A21-8990-34D79C4CEC36}.Debug|Any CPU.Build.0 = Debug|Any CPU
		{F05BC13F-7D44-4A21-8990-34D79C4CEC36}.Release|Any CPU.ActiveCfg = Release|Any CPU
		{F05BC13F-7D44-4A21-8990-34D79C4CEC36}.Release|Any CPU.Build.0 = Release|Any CPU
	EndGlobalSection
	GlobalSection(SolutionProperties) = preSolution
		HideSolutionNode = FALSE
	EndGlobalSection
	GlobalSection(ExtensibilityGlobals) = postSolution
		SolutionGuid = {43577AB7-13A6-4579-B2F4-2B50D5D98818}
	EndGlobalSection
EndGlobal
